// !$*UTF8*$!
{
	archiveVersion = 1;
	classes = {
	};
	objectVersion = 46;
	objects = {

/* Begin PBXBuildFile section */
		8830963B1B79E76800CD1D55 /* main.m in Sources */ = {isa = PBXBuildFile; fileRef = 8830963A1B79E76800CD1D55 /* main.m */; };
		8830963E1B79E76800CD1D55 /* AppDelegate.m in Sources */ = {isa = PBXBuildFile; fileRef = 8830963D1B79E76800CD1D55 /* AppDelegate.m */; };
		883096411B79E76800CD1D55 /* ViewController.m in Sources */ = {isa = PBXBuildFile; fileRef = 883096401B79E76800CD1D55 /* ViewController.m */; };
		883096441B79E76800CD1D55 /* Main.storyboard in Resources */ = {isa = PBXBuildFile; fileRef = 883096421B79E76800CD1D55 /* Main.storyboard */; };
		883096461B79E76800CD1D55 /* Images.xcassets in Resources */ = {isa = PBXBuildFile; fileRef = 883096451B79E76800CD1D55 /* Images.xcassets */; };
		883096491B79E76800CD1D55 /* LaunchScreen.xib in Resources */ = {isa = PBXBuildFile; fileRef = 883096471B79E76800CD1D55 /* LaunchScreen.xib */; };
		883096551B79E76800CD1D55 /* BoltsExampleTests.m in Sources */ = {isa = PBXBuildFile; fileRef = 883096541B79E76800CD1D55 /* BoltsExampleTests.m */; };
		F69F68399A26BE7C597CC03F /* libPods-BoltsExample.a in Frameworks */ = {isa = PBXBuildFile; fileRef = 1FE0CA1439C3F57D73D9CC08 /* libPods-BoltsExample.a */; };
/* End PBXBuildFile section */

/* Begin PBXContainerItemProxy section */
		8830964F1B79E76800CD1D55 /* PBXContainerItemProxy */ = {
			isa = PBXContainerItemProxy;
			containerPortal = 8830962D1B79E76800CD1D55 /* Project object */;
			proxyType = 1;
			remoteGlobalIDString = 883096341B79E76800CD1D55;
			remoteInfo = BoltsExample;
		};
/* End PBXContainerItemProxy section */

/* Begin PBXFileReference section */
		1FE0CA1439C3F57D73D9CC08 /* libPods-BoltsExample.a */ = {isa = PBXFileReference; explicitFileType = archive.ar; includeInIndex = 0; path = "libPods-BoltsExample.a"; sourceTree = BUILT_PRODUCTS_DIR; };
		279AD59C783CFD322CD64A90 /* Pods-BoltsExample.debug.xcconfig */ = {isa = PBXFileReference; includeInIndex = 1; lastKnownFileType = text.xcconfig; name = "Pods-BoltsExample.debug.xcconfig"; path = "Pods/Target Support Files/Pods-BoltsExample/Pods-BoltsExample.debug.xcconfig"; sourceTree = "<group>"; };
		883096351B79E76800CD1D55 /* BoltsExample.app */ = {isa = PBXFileReference; explicitFileType = wrapper.application; includeInIndex = 0; path = BoltsExample.app; sourceTree = BUILT_PRODUCTS_DIR; };
		883096391B79E76800CD1D55 /* Info.plist */ = {isa = PBXFileReference; lastKnownFileType = text.plist.xml; path = Info.plist; sourceTree = "<group>"; };
		8830963A1B79E76800CD1D55 /* main.m */ = {isa = PBXFileReference; lastKnownFileType = sourcecode.c.objc; path = main.m; sourceTree = "<group>"; };
		8830963C1B79E76800CD1D55 /* AppDelegate.h */ = {isa = PBXFileReference; lastKnownFileType = sourcecode.c.h; path = AppDelegate.h; sourceTree = "<group>"; };
		8830963D1B79E76800CD1D55 /* AppDelegate.m */ = {isa = PBXFileReference; lastKnownFileType = sourcecode.c.objc; path = AppDelegate.m; sourceTree = "<group>"; };
		8830963F1B79E76800CD1D55 /* ViewController.h */ = {isa = PBXFileReference; lastKnownFileType = sourcecode.c.h; path = ViewController.h; sourceTree = "<group>"; };
		883096401B79E76800CD1D55 /* ViewController.m */ = {isa = PBXFileReference; lastKnownFileType = sourcecode.c.objc; path = ViewController.m; sourceTree = "<group>"; };
		883096431B79E76800CD1D55 /* Base */ = {isa = PBXFileReference; lastKnownFileType = file.storyboard; name = Base; path = Base.lproj/Main.storyboard; sourceTree = "<group>"; };
		883096451B79E76800CD1D55 /* Images.xcassets */ = {isa = PBXFileReference; lastKnownFileType = folder.assetcatalog; path = Images.xcassets; sourceTree = "<group>"; };
		883096481B79E76800CD1D55 /* Base */ = {isa = PBXFileReference; lastKnownFileType = file.xib; name = Base; path = Base.lproj/LaunchScreen.xib; sourceTree = "<group>"; };
		8830964E1B79E76800CD1D55 /* BoltsExampleTests.xctest */ = {isa = PBXFileReference; explicitFileType = wrapper.cfbundle; includeInIndex = 0; path = BoltsExampleTests.xctest; sourceTree = BUILT_PRODUCTS_DIR; };
		883096531B79E76800CD1D55 /* Info.plist */ = {isa = PBXFileReference; lastKnownFileType = text.plist.xml; path = Info.plist; sourceTree = "<group>"; };
		883096541B79E76800CD1D55 /* BoltsExampleTests.m */ = {isa = PBXFileReference; lastKnownFileType = sourcecode.c.objc; path = BoltsExampleTests.m; sourceTree = "<group>"; };
		F37274B8E0B600490B9A50E7 /* Pods-BoltsExample.release.xcconfig */ = {isa = PBXFileReference; includeInIndex = 1; lastKnownFileType = text.xcconfig; name = "Pods-BoltsExample.release.xcconfig"; path = "Pods/Target Support Files/Pods-BoltsExample/Pods-BoltsExample.release.xcconfig"; sourceTree = "<group>"; };
/* End PBXFileReference section */

/* Begin PBXFrameworksBuildPhase section */
		883096321B79E76800CD1D55 /* Frameworks */ = {
			isa = PBXFrameworksBuildPhase;
			buildActionMask = 2147483647;
			files = (
				F69F68399A26BE7C597CC03F /* libPods-BoltsExample.a in Frameworks */,
			);
			runOnlyForDeploymentPostprocessing = 0;
		};
		8830964B1B79E76800CD1D55 /* Frameworks */ = {
			isa = PBXFrameworksBuildPhase;
			buildActionMask = 2147483647;
			files = (
			);
			runOnlyForDeploymentPostprocessing = 0;
		};
/* End PBXFrameworksBuildPhase section */

/* Begin PBXGroup section */
		419D2FD6F5929BF704472224 /* Pods */ = {
			isa = PBXGroup;
			children = (
				279AD59C783CFD322CD64A90 /* Pods-BoltsExample.debug.xcconfig */,
				F37274B8E0B600490B9A50E7 /* Pods-BoltsExample.release.xcconfig */,
			);
			name = Pods;
			sourceTree = "<group>";
		};
		8830962C1B79E76800CD1D55 = {
			isa = PBXGroup;
			children = (
				883096371B79E76800CD1D55 /* BoltsExample */,
				883096511B79E76800CD1D55 /* BoltsExampleTests */,
				883096361B79E76800CD1D55 /* Products */,
				419D2FD6F5929BF704472224 /* Pods */,
				F2CC282095F4306EDE5040F4 /* Frameworks */,
			);
			sourceTree = "<group>";
		};
		883096361B79E76800CD1D55 /* Products */ = {
			isa = PBXGroup;
			children = (
				883096351B79E76800CD1D55 /* BoltsExample.app */,
				8830964E1B79E76800CD1D55 /* BoltsExampleTests.xctest */,
			);
			name = Products;
			sourceTree = "<group>";
		};
		883096371B79E76800CD1D55 /* BoltsExample */ = {
			isa = PBXGroup;
			children = (
				8830963C1B79E76800CD1D55 /* AppDelegate.h */,
				8830963D1B79E76800CD1D55 /* AppDelegate.m */,
				8830963F1B79E76800CD1D55 /* ViewController.h */,
				883096401B79E76800CD1D55 /* ViewController.m */,
				883096421B79E76800CD1D55 /* Main.storyboard */,
				883096451B79E76800CD1D55 /* Images.xcassets */,
				883096471B79E76800CD1D55 /* LaunchScreen.xib */,
				883096381B79E76800CD1D55 /* Supporting Files */,
			);
			path = BoltsExample;
			sourceTree = "<group>";
		};
		883096381B79E76800CD1D55 /* Supporting Files */ = {
			isa = PBXGroup;
			children = (
				883096391B79E76800CD1D55 /* Info.plist */,
				8830963A1B79E76800CD1D55 /* main.m */,
			);
			name = "Supporting Files";
			sourceTree = "<group>";
		};
		883096511B79E76800CD1D55 /* BoltsExampleTests */ = {
			isa = PBXGroup;
			children = (
				883096541B79E76800CD1D55 /* BoltsExampleTests.m */,
				883096521B79E76800CD1D55 /* Supporting Files */,
			);
			path = BoltsExampleTests;
			sourceTree = "<group>";
		};
		883096521B79E76800CD1D55 /* Supporting Files */ = {
			isa = PBXGroup;
			children = (
				883096531B79E76800CD1D55 /* Info.plist */,
			);
			name = "Supporting Files";
			sourceTree = "<group>";
		};
		F2CC282095F4306EDE5040F4 /* Frameworks */ = {
			isa = PBXGroup;
			children = (
				1FE0CA1439C3F57D73D9CC08 /* libPods-BoltsExample.a */,
			);
			name = Frameworks;
			sourceTree = "<group>";
		};
/* End PBXGroup section */

/* Begin PBXNativeTarget section */
		883096341B79E76800CD1D55 /* BoltsExample */ = {
			isa = PBXNativeTarget;
			buildConfigurationList = 883096581B79E76800CD1D55 /* Build configuration list for PBXNativeTarget "BoltsExample" */;
			buildPhases = (
				9C2E3BD7462C0049791C5480 /* Check Pods Manifest.lock */,
				883096311B79E76800CD1D55 /* Sources */,
				883096321B79E76800CD1D55 /* Frameworks */,
				883096331B79E76800CD1D55 /* Resources */,
				C3A71EA19DE1894CAE6413C0 /* Copy Pods Resources */,
			);
			buildRules = (
			);
			dependencies = (
			);
			name = BoltsExample;
			productName = BoltsExample;
			productReference = 883096351B79E76800CD1D55 /* BoltsExample.app */;
			productType = "com.apple.product-type.application";
		};
		8830964D1B79E76800CD1D55 /* BoltsExampleTests */ = {
			isa = PBXNativeTarget;
			buildConfigurationList = 8830965B1B79E76800CD1D55 /* Build configuration list for PBXNativeTarget "BoltsExampleTests" */;
			buildPhases = (
				8830964A1B79E76800CD1D55 /* Sources */,
				8830964B1B79E76800CD1D55 /* Frameworks */,
				8830964C1B79E76800CD1D55 /* Resources */,
			);
			buildRules = (
			);
			dependencies = (
				883096501B79E76800CD1D55 /* PBXTargetDependency */,
			);
			name = BoltsExampleTests;
			productName = BoltsExampleTests;
			productReference = 8830964E1B79E76800CD1D55 /* BoltsExampleTests.xctest */;
			productType = "com.apple.product-type.bundle.unit-test";
		};
/* End PBXNativeTarget section */

/* Begin PBXProject section */
		8830962D1B79E76800CD1D55 /* Project object */ = {
			isa = PBXProject;
			attributes = {
				LastUpgradeCheck = 0640;
				ORGANIZATIONNAME = Superbil;
				TargetAttributes = {
					883096341B79E76800CD1D55 = {
						CreatedOnToolsVersion = 6.4;
					};
					8830964D1B79E76800CD1D55 = {
						CreatedOnToolsVersion = 6.4;
						TestTargetID = 883096341B79E76800CD1D55;
					};
				};
			};
			buildConfigurationList = 883096301B79E76800CD1D55 /* Build configuration list for PBXProject "BoltsExample" */;
			compatibilityVersion = "Xcode 3.2";
			developmentRegion = English;
			hasScannedForEncodings = 0;
			knownRegions = (
				en,
				Base,
			);
			mainGroup = 8830962C1B79E76800CD1D55;
			productRefGroup = 883096361B79E76800CD1D55 /* Products */;
			projectDirPath = "";
			projectRoot = "";
			targets = (
				883096341B79E76800CD1D55 /* BoltsExample */,
				8830964D1B79E76800CD1D55 /* BoltsExampleTests */,
			);
		};
/* End PBXProject section */

/* Begin PBXResourcesBuildPhase section */
		883096331B79E76800CD1D55 /* Resources */ = {
			isa = PBXResourcesBuildPhase;
			buildActionMask = 2147483647;
			files = (
				883096441B79E76800CD1D55 /* Main.storyboard in Resources */,
				883096491B79E76800CD1D55 /* LaunchScreen.xib in Resources */,
				883096461B79E76800CD1D55 /* Images.xcassets in Resources */,
			);
			runOnlyForDeploymentPostprocessing = 0;
		};
		8830964C1B79E76800CD1D55 /* Resources */ = {
			isa = PBXResourcesBuildPhase;
			buildActionMask = 2147483647;
			files = (
			);
			runOnlyForDeploymentPostprocessing = 0;
		};
/* End PBXResourcesBuildPhase section */

/* Begin PBXShellScriptBuildPhase section */
		9C2E3BD7462C0049791C5480 /* Check Pods Manifest.lock */ = {
			isa = PBXShellScriptBuildPhase;
			buildActionMask = 2147483647;
			files = (
			);
			inputPaths = (
			);
			name = "Check Pods Manifest.lock";
			outputPaths = (
			);
			runOnlyForDeploymentPostprocessing = 0;
			shellPath = /bin/sh;
			shellScript = "diff \"${PODS_ROOT}/../Podfile.lock\" \"${PODS_ROOT}/Manifest.lock\" > /dev/null\nif [[ $? != 0 ]] ; then\n    cat << EOM\nerror: The sandbox is not in sync with the Podfile.lock. Run 'pod install' or update your CocoaPods installation.\nEOM\n    exit 1\nfi\n";
			showEnvVarsInLog = 0;
		};
		C3A71EA19DE1894CAE6413C0 /* Copy Pods Resources */ = {
			isa = PBXShellScriptBuildPhase;
			buildActionMask = 2147483647;
			files = (
			);
			inputPaths = (
			);
			name = "Copy Pods Resources";
			outputPaths = (
			);
			runOnlyForDeploymentPostprocessing = 0;
			shellPath = /bin/sh;
			shellScript = "\"${SRCROOT}/Pods/Target Support Files/Pods-BoltsExample/Pods-BoltsExample-resources.sh\"\n";
			showEnvVarsInLog = 0;
		};
/* End PBXShellScriptBuildPhase section */

/* Begin PBXSourcesBuildPhase section */
		883096311B79E76800CD1D55 /* Sources */ = {
			isa = PBXSourcesBuildPhase;
			buildActionMask = 2147483647;
			files = (
				883096411B79E76800CD1D55 /* ViewController.m in Sources */,
				8830963E1B79E76800CD1D55 /* AppDelegate.m in Sources */,
				8830963B1B79E76800CD1D55 /* main.m in Sources */,
			);
			runOnlyForDeploymentPostprocessing = 0;
		};
		8830964A1B79E76800CD1D55 /* Sources */ = {
			isa = PBXSourcesBuildPhase;
			buildActionMask = 2147483647;
			files = (
				883096551B79E76800CD1D55 /* BoltsExampleTests.m in Sources */,
			);
			runOnlyForDeploymentPostprocessing = 0;
		};
/* End PBXSourcesBuildPhase section */

/* Begin PBXTargetDependency section */
		883096501B79E76800CD1D55 /* PBXTargetDependency */ = {
			isa = PBXTargetDependency;
			target = 883096341B79E76800CD1D55 /* BoltsExample */;
			targetProxy = 8830964F1B79E76800CD1D55 /* PBXContainerItemProxy */;
		};
/* End PBXTargetDependency section */

/* Begin PBXVariantGroup section */
		883096421B79E76800CD1D55 /* Main.storyboard */ = {
			isa = PBXVariantGroup;
			children = (
				883096431B79E76800CD1D55 /* Base */,
			);
			name = Main.storyboard;
			sourceTree = "<group>";
		};
		883096471B79E76800CD1D55 /* LaunchScreen.xib */ = {
			isa = PBXVariantGroup;
			children = (
				883096481B79E76800CD1D55 /* Base */,
			);
			name = LaunchScreen.xib;
			sourceTree = "<group>";
		};
/* End PBXVariantGroup section */

/* Begin XCBuildConfiguration section */
		883096561B79E76800CD1D55 /* Debug */ = {
			isa = XCBuildConfiguration;
			buildSettings = {
				ALWAYS_SEARCH_USER_PATHS = NO;
				CLANG_CXX_LANGUAGE_STANDARD = "gnu++0x";
				CLANG_CXX_LIBRARY = "libc++";
				CLANG_ENABLE_MODULES = YES;
				CLANG_ENABLE_OBJC_ARC = YES;
				CLANG_WARN_BOOL_CONVERSION = YES;
				CLANG_WARN_CONSTANT_CONVERSION = YES;
				CLANG_WARN_DIRECT_OBJC_ISA_USAGE = YES_ERROR;
				CLANG_WARN_EMPTY_BODY = YES;
				CLANG_WARN_ENUM_CONVERSION = YES;
				CLANG_WARN_INT_CONVERSION = YES;
				CLANG_WARN_OBJC_ROOT_CLASS = YES_ERROR;
				CLANG_WARN_UNREACHABLE_CODE = YES;
				CLANG_WARN__DUPLICATE_METHOD_MATCH = YES;
				"CODE_SIGN_IDENTITY[sdk=iphoneos*]" = "iPhone Developer";
				COPY_PHASE_STRIP = NO;
				DEBUG_INFORMATION_FORMAT = "dwarf-with-dsym";
				ENABLE_STRICT_OBJC_MSGSEND = YES;
				GCC_C_LANGUAGE_STANDARD = gnu99;
				GCC_DYNAMIC_NO_PIC = NO;
				GCC_NO_COMMON_BLOCKS = YES;
				GCC_OPTIMIZATION_LEVEL = 0;
				GCC_PREPROCESSOR_DEFINITIONS = (
					"DEBUG=1",
					"$(inherited)",
				);
				GCC_SYMBOLS_PRIVATE_EXTERN = NO;
				GCC_WARN_64_TO_32_BIT_CONVERSION = YES;
				GCC_WARN_ABOUT_RETURN_TYPE = YES_ERROR;
				GCC_WARN_UNDECLARED_SELECTOR = YES;
				GCC_WARN_UNINITIALIZED_AUTOS = YES_AGGRESSIVE;
				GCC_WARN_UNUSED_FUNCTION = YES;
				GCC_WARN_UNUSED_VARIABLE = YES;
				IPHONEOS_DEPLOYMENT_TARGET = 8.4;
				MTL_ENABLE_DEBUG_INFO = YES;
				ONLY_ACTIVE_ARCH = YES;
				SDKROOT = iphoneos;
			};
			name = Debug;
		};
		883096571B79E76800CD1D55 /* Release */ = {
			isa = XCBuildConfiguration;
			buildSettings = {
				ALWAYS_SEARCH_USER_PATHS = NO;
				CLANG_CXX_LANGUAGE_STANDARD = "gnu++0x";
				CLANG_CXX_LIBRARY = "libc++";
				CLANG_ENABLE_MODULES = YES;
				CLANG_ENABLE_OBJC_ARC = YES;
				CLANG_WARN_BOOL_CONVERSION = YES;
				CLANG_WARN_CONSTANT_CONVERSION = YES;
				CLANG_WARN_DIRECT_OBJC_ISA_USAGE = YES_ERROR;
				CLANG_WARN_EMPTY_BODY = YES;
				CLANG_WARN_ENUM_CONVERSION = YES;
				CLANG_WARN_INT_CONVERSION = YES;
				CLANG_WARN_OBJC_ROOT_CLASS = YES_ERROR;
				CLANG_WARN_UNREACHABLE_CODE = YES;
				CLANG_WARN__DUPLICATE_METHOD_MATCH = YES;
				"CODE_SIGN_IDENTITY[sdk=iphoneos*]" = "iPhone Developer";
				COPY_PHASE_STRIP = NO;
				DEBUG_INFORMATION_FORMAT = "dwarf-with-dsym";
				ENABLE_NS_ASSERTIONS = NO;
				ENABLE_STRICT_OBJC_MSGSEND = YES;
				GCC_C_LANGUAGE_STANDARD = gnu99;
				GCC_NO_COMMON_BLOCKS = YES;
				GCC_WARN_64_TO_32_BIT_CONVERSION = YES;
				GCC_WARN_ABOUT_RETURN_TYPE = YES_ERROR;
				GCC_WARN_UNDECLARED_SELECTOR = YES;
				GCC_WARN_UNINITIALIZED_AUTOS = YES_AGGRESSIVE;
				GCC_WARN_UNUSED_FUNCTION = YES;
				GCC_WARN_UNUSED_VARIABLE = YES;
				IPHONEOS_DEPLOYMENT_TARGET = 8.4;
				MTL_ENABLE_DEBUG_INFO = NO;
				SDKROOT = iphoneos;
				VALIDATE_PRODUCT = YES;
			};
			name = Release;
		};
		883096591B79E76800CD1D55 /* Debug */ = {
			isa = XCBuildConfiguration;
			baseConfigurationReference = 279AD59C783CFD322CD64A90 /* Pods-BoltsExample.debug.xcconfig */;
			buildSettings = {
				ASSETCATALOG_COMPILER_APPICON_NAME = AppIcon;
				INFOPLIST_FILE = BoltsExample/Info.plist;
				LD_RUNPATH_SEARCH_PATHS = "$(inherited) @executable_path/Frameworks";
				PRODUCT_NAME = "$(TARGET_NAME)";
			};
			name = Debug;
		};
		8830965A1B79E76800CD1D55 /* Release */ = {
			isa = XCBuildConfiguration;
			baseConfigurationReference = F37274B8E0B600490B9A50E7 /* Pods-BoltsExample.release.xcconfig */;
			buildSettings = {
				ASSETCATALOG_COMPILER_APPICON_NAME = AppIcon;
				INFOPLIST_FILE = BoltsExample/Info.plist;
				LD_RUNPATH_SEARCH_PATHS = "$(inherited) @executable_path/Frameworks";
				PRODUCT_NAME = "$(TARGET_NAME)";
			};
			name = Release;
		};
		8830965C1B79E76800CD1D55 /* Debug */ = {
			isa = XCBuildConfiguration;
			buildSettings = {
				BUNDLE_LOADER = "$(TEST_HOST)";
				FRAMEWORK_SEARCH_PATHS = (
					"$(SDKROOT)/Developer/Library/Frameworks",
					"$(inherited)",
				);
				GCC_PREPROCESSOR_DEFINITIONS = (
					"DEBUG=1",
					"$(inherited)",
				);
				INFOPLIST_FILE = BoltsExampleTests/Info.plist;
				LD_RUNPATH_SEARCH_PATHS = "$(inherited) @executable_path/Frameworks @loader_path/Frameworks";
				PRODUCT_NAME = "$(TARGET_NAME)";
				TEST_HOST = "$(BUILT_PRODUCTS_DIR)/BoltsExample.app/BoltsExample";
			};
			name = Debug;
		};
		8830965D1B79E76800CD1D55 /* Release */ = {
			isa = XCBuildConfiguration;
			buildSettings = {
				BUNDLE_LOADER = "$(TEST_HOST)";
				FRAMEWORK_SEARCH_PATHS = (
					"$(SDKROOT)/Developer/Library/Frameworks",
					"$(inherited)",
				);
				INFOPLIST_FILE = BoltsExampleTests/Info.plist;
				LD_RUNPATH_SEARCH_PATHS = "$(inherited) @executable_path/Frameworks @loader_path/Frameworks";
				PRODUCT_NAME = "$(TARGET_NAME)";
				TEST_HOST = "$(BUILT_PRODUCTS_DIR)/BoltsExample.app/BoltsExample";
			};
			name = Release;
		};
/* End XCBuildConfiguration section */

/* Begin XCConfigurationList section */
		883096301B79E76800CD1D55 /* Build configuration list for PBXProject "BoltsExample" */ = {
			isa = XCConfigurationList;
			buildConfigurations = (
				883096561B79E76800CD1D55 /* Debug */,
				883096571B79E76800CD1D55 /* Release */,
			);
			defaultConfigurationIsVisible = 0;
			defaultConfigurationName = Release;
		};
		883096581B79E76800CD1D55 /* Build configuration list for PBXNativeTarget "BoltsExample" */ = {
			isa = XCConfigurationList;
			buildConfigurations = (
				883096591B79E76800CD1D55 /* Debug */,
				8830965A1B79E76800CD1D55 /* Release */,
			);
			defaultConfigurationIsVisible = 0;
			defaultConfigurationName = Release;
		};
		8830965B1B79E76800CD1D55 /* Build configuration list for PBXNativeTarget "BoltsExampleTests" */ = {
			isa = XCConfigurationList;
			buildConfigurations = (
				8830965C1B79E76800CD1D55 /* Debug */,
				8830965D1B79E76800CD1D55 /* Release */,
			);
			defaultConfigurationIsVisible = 0;
			defaultConfigurationName = Release;
		};
/* End XCConfigurationList section */
	};
	rootObject = 8830962D1B79E76800CD1D55 /* Project object */;
}
